
Microsoft Visual Studio Solution File, Format Version 12.00
# Visual Studio 15
VisualStudioVersion = 15.0.28307.902
MinimumVisualStudioVersion = 10.0.40219.1
Project("{FAE04EC0-301F-11D3-BF4B-00C04F79EFBC}") = "Econobuy.Controllers", "Econobuy.Controllers\Econobuy.Controllers.csproj", "{BEBC2FFB-F849-40CB-A8A5-B426439E45DF}"
EndProject
Project("{FAE04EC0-301F-11D3-BF4B-00C04F79EFBC}") = "Econobuy.Models", "Econobuy.Models\Econobuy.Models.csproj", "{C7469D84-3260-4E95-A730-5ED159178DE8}"
EndProject
Project("{FAE04EC0-301F-11D3-BF4B-00C04F79EFBC}") = "Econobuy.Entities", "Econobuy.Entities\Econobuy.Entities.csproj", "{7F3E68F7-41EB-4BD0-841D-3FAB24689232}"
EndProject
Project("{FAE04EC0-301F-11D3-BF4B-00C04F79EFBC}") = "Econobuy.Views", "Econobuy.Views\Econobuy.Views.csproj", "{1BBE5F6E-8B32-44DB-9158-64F09E20EE13}"
EndProject
Global
	GlobalSection(SolutionConfigurationPlatforms) = preSolution
		Debug|Any CPU = Debug|Any CPU
		Release|Any CPU = Release|Any CPU
	EndGlobalSection
	GlobalSection(ProjectConfigurationPlatforms) = postSolution
		{BEBC2FFB-F849-40CB-A8A5-B426439E45DF}.Debug|Any CPU.ActiveCfg = Debug|Any CPU
		{BEBC2FFB-F849-40CB-A8A5-B426439E45DF}.Debug|Any CPU.Build.0 = Debug|Any CPU
		{BEBC2FFB-F849-40CB-A8A5-B426439E45DF}.Release|Any CPU.ActiveCfg = Release|Any CPU
		{BEBC2FFB-F849-40CB-A8A5-B426439E45DF}.Release|Any CPU.Build.0 = Release|Any CPU
		{C7469D84-3260-4E95-A730-5ED159178DE8}.Debug|Any CPU.ActiveCfg = Debug|Any CPU
		{C7469D84-3260-4E95-A730-5ED159178DE8}.Debug|Any CPU.Build.0 = Debug|Any CPU
		{C7469D84-3260-4E95-A730-5ED159178DE8}.Release|Any CPU.ActiveCfg = Release|Any CPU
		{C7469D84-3260-4E95-A730-5ED159178DE8}.Release|Any CPU.Build.0 = Release|Any CPU
		{7F3E68F7-41EB-4BD0-841D-3FAB24689232}.Debug|Any CPU.ActiveCfg = Debug|Any CPU
		{7F3E68F7-41EB-4BD0-841D-3FAB24689232}.Debug|Any CPU.Build.0 = Debug|Any CPU
		{7F3E68F7-41EB-4BD0-841D-3FAB24689232}.Release|Any CPU.ActiveCfg = Release|Any CPU
		{7F3E68F7-41EB-4BD0-841D-3FAB24689232}.Release|Any CPU.Build.0 = Release|Any CPU
		{1BBE5F6E-8B32-44DB-9158-64F09E20EE13}.Debug|Any CPU.ActiveCfg = Debug|Any CPU
		{1BBE5F6E-8B32-44DB-9158-64F09E20EE13}.Debug|Any CPU.Build.0 = Debug|Any CPU
		{1BBE5F6E-8B32-44DB-9158-64F09E20EE13}.Release|Any CPU.ActiveCfg = Release|Any CPU
		{1BBE5F6E-8B32-44DB-9158-64F09E20EE13}.Release|Any CPU.Build.0 = Release|Any CPU
	EndGlobalSection
	GlobalSection(SolutionProperties) = preSolution
		HideSolutionNode = FALSE
	EndGlobalSection
	GlobalSection(ExtensibilityGlobals) = postSolution
		SolutionGuid = {C8BED89D-B1D4-4A3A-B78B-21823CBF4D59}
	EndGlobalSection
EndGlobal
